--- 
:inherent: 
- :platform: ruby
  :version: 
  - 0
  - 8
  - 7
  :name: rake
- :platform: ruby
  :version: 
  - 0
  - 3
  - 1
  :name: columnize
- :platform: ruby
  :version: 
  - 0
  - 43
  :name: linecache
- :platform: ruby
  :version: 
  - 1
  - 3
  - 0
  :name: rspec
- :platform: ruby
  :version: 
  - 0
  - 10
  - 3
  :name: ruby-debug-base
- :platform: ruby
  :version: 
  - 0
  - 10
  - 3
  :name: ruby-debug
- :platform: ruby
  :version: 
  - 0
  - 0
  - 1
  :name: sources
:base: 
- :platform: ruby
  :source: http://rubygems.org/
  :gem_version: !ruby/object:Gem::Version 
    hash: 75
    prerelease: false
    segments: &id001 
      - 1
      - 5
      - 145
      - 2
    version: 1.5.0145.2
  :version: *id001
  :name: bouncy-castle-java
- :platform: ruby
  :source: http://rubygems.org/
  :gem_version: !ruby/object:Gem::Version 
    hash: 6
    prerelease: false
    segments: &id002 
      - 0
      - 7
      - 2
    version: 0.7.2
  :version: *id002
  :name: jruby-openssl
- :platform: ruby
  :source: http://rubygems.org/
  :gem_version: !ruby/object:Gem::Version 
    hash: 8
    prerelease: false
    segments: &id003 
      - 1
      - 0
      - 10
    version: 1.0.10
  :version: *id003
  :name: bundler
- :platform: ruby
  :source: http://rubygems.torquebox.org/1864/
  :gem_version: &id005 !ruby/object:Gem::Version 
    hash: 144091406
    prerelease: true
    segments: &id004 
      - 1
      - 0
      - 0
      - CR1
    version: 1.0.0.CR1
  :version: *id004
  :name: org.torquebox.capistrano-support
- :platform: ruby
  :source: http://rubygems.torquebox.org/1864/
  :gem_version: *id005
  :version: *id004
  :name: org.torquebox.rake-support
- :platform: java
  :source: http://rubygems.org/
  :gem_version: !ruby/object:Gem::Version 
    hash: -238992827
    prerelease: true
    segments: &id006 
      - 1
      - 0
      - 0
      - Beta23
    version: 1.0.0.Beta23
  :version: *id006
  :name: org.torquebox.torquebox-container-foundation
- :platform: java
  :source: http://rubygems.org/
  :gem_version: !ruby/object:Gem::Version 
    hash: -238992827
    prerelease: true
    segments: &id007 
      - 1
      - 0
      - 0
      - Beta23
    version: 1.0.0.Beta23
  :version: *id007
  :name: org.torquebox.torquebox-naming-client
- :platform: java
  :source: http://rubygems.org/
  :gem_version: !ruby/object:Gem::Version 
    hash: -238992827
    prerelease: true
    segments: &id008 
      - 1
      - 0
      - 0
      - Beta23
    version: 1.0.0.Beta23
  :version: *id008
  :name: org.torquebox.torquebox-messaging-client
- :platform: java
  :source: http://rubygems.org/
  :gem_version: !ruby/object:Gem::Version 
    hash: -238992827
    prerelease: true
    segments: &id009 
      - 1
      - 0
      - 0
      - Beta23
    version: 1.0.0.Beta23
  :version: *id009
  :name: org.torquebox.torquebox-messaging-container
- :platform: java
  :source: http://rubygems.org/
  :gem_version: !ruby/object:Gem::Version 
    hash: -238992827
    prerelease: true
    segments: &id010 
      - 1
      - 0
      - 0
      - Beta23
    version: 1.0.0.Beta23
  :version: *id010
  :name: org.torquebox.torquebox-naming-container
- :platform: ruby
  :source: http://rubygems.torquebox.org/1864/
  :gem_version: *id005
  :version: *id004
  :name: org.torquebox.vfs
