--- 
:inherent: 
- :platform: ruby
  :version: 
  - 0
  - 8
  - 7
  :name: rake
- :platform: ruby
  :version: 
  - 0
  - 3
  - 1
  :name: columnize
- :platform: ruby
  :version: 
  - 0
  - 43
  :name: linecache
- :platform: ruby
  :version: 
  - 1
  - 3
  - 0
  :name: rspec
- :platform: ruby
  :version: 
  - 0
  - 10
  - 3
  :name: ruby-debug-base
- :platform: ruby
  :version: 
  - 0
  - 10
  - 3
  :name: ruby-debug
- :platform: ruby
  :version: 
  - 0
  - 0
  - 1
  :name: sources
:base: 
- :platform: ruby
  :source: http://rubygems.org/
  :version: &id001 
    - 1
    - 5
    - 145
    - 2
  :gem_version: !ruby/object:Gem::Version 
    hash: 75
    prerelease: false
    segments: *id001
    version: 1.5.0145.2
  :name: bouncy-castle-java
- :platform: ruby
  :source: http://rubygems.org/
  :version: &id002 
    - 0
    - 7
    - 2
  :gem_version: !ruby/object:Gem::Version 
    hash: 6
    prerelease: false
    segments: *id002
    version: 0.7.2
  :name: jruby-openssl
- :platform: ruby
  :source: http://rubygems.org/
  :version: &id003 
    - 1
    - 0
    - 10
  :gem_version: !ruby/object:Gem::Version 
    hash: 8
    prerelease: false
    segments: *id003
    version: 1.0.10
  :name: bundler
- :platform: ruby
  :source: http://rubygems.torquebox.org/1864/
  :version: &id004 
    - 1
    - 0
    - 0
    - CR1
  :gem_version: &id005 !ruby/object:Gem::Version 
    hash: 144091406
    prerelease: true
    segments: *id004
    version: 1.0.0.CR1
  :name: org.torquebox.capistrano-support
- :platform: java
  :source: http://rubygems.torquebox.org/1864/
  :version: *id004
  :gem_version: *id005
  :name: org.torquebox.container-foundation
- :platform: java
  :source: http://rubygems.torquebox.org/1864/
  :version: *id004
  :gem_version: *id005
  :name: org.torquebox.naming-client
- :platform: java
  :source: http://rubygems.torquebox.org/1864/
  :version: *id004
  :gem_version: *id005
  :name: org.torquebox.messaging-client
- :platform: java
  :source: http://rubygems.torquebox.org/1864/
  :version: *id004
  :gem_version: *id005
  :name: org.torquebox.messaging-container
- :platform: java
  :source: http://rubygems.torquebox.org/1864/
  :version: *id004
  :gem_version: *id005
  :name: org.torquebox.naming-container
- :platform: ruby
  :source: http://rubygems.torquebox.org/1864/
  :version: *id004
  :gem_version: *id005
  :name: org.torquebox.rake-support
- :platform: ruby
  :source: http://rubygems.torquebox.org/1864/
  :version: *id004
  :gem_version: *id005
  :name: org.torquebox.vfs
